{
  "name": "besedki",
  "lockfileVersion": 2,
  "requires": true,
  "packages": {
    "": {
      "dependencies": {
        "animate.css": "^4.1.1",
        "bootstrap": "^5.0.0-beta3",
        "js-cookie": "^2.2.1"
      }
    },
    "node_modules/@popperjs/core": {
      "version": "2.9.1",
      "resolved": "https://registry.npmjs.org/@popperjs/core/-/core-2.9.1.tgz",
      "integrity": "sha512-DvJbbn3dUgMxDnJLH+RZQPnXak1h4ZVYQ7CWiFWjQwBFkVajT4rfw2PdpHLTSTwxrYfnoEXkuBiwkDm6tPMQeA==",
      "peer": true,
      "funding": {
        "type": "opencollective",
        "url": "https://opencollective.com/popperjs"
      }
    },
    "node_modules/animate.css": {
      "version": "4.1.1",
      "resolved": "https://registry.npmjs.org/animate.css/-/animate.css-4.1.1.tgz",
      "integrity": "sha512-+mRmCTv6SbCmtYJCN4faJMNFVNN5EuCTTprDTAo7YzIGji2KADmakjVA3+8mVDkZ2Bf09vayB35lSQIex2+QaQ=="
    },
    "node_modules/bootstrap": {
      "version": "5.0.0-beta3",
      "resolved": "https://registry.npmjs.org/bootstrap/-/bootstrap-5.0.0-beta3.tgz",
      "integrity": "sha512-0urccjfIOzhrb9qJysN8XW/DRw6rg3zH7qLeKIp4Zyl8+Ens4JWB0NC0cB5AhnSFPd2tftRggjwCMxablo6Tpg==",
      "funding": {
        "type": "opencollective",
        "url": "https://opencollective.com/bootstrap"
      },
      "peerDependencies": {
        "@popperjs/core": "^2.9.1"
      }
    },
    "node_modules/js-cookie": {
      "version": "2.2.1",
      "resolved": "https://registry.npmjs.org/js-cookie/-/js-cookie-2.2.1.tgz",
      "integrity": "sha512-HvdH2LzI/EAZcUwA8+0nKNtWHqS+ZmijLA30RwZA0bo7ToCckjK5MkGhjED9KoRcXO6BaGI3I9UIzSA1FKFPOQ=="
    }
  },
  "dependencies": {
    "@popperjs/core": {
      "version": "2.9.1",
      "resolved": "https://registry.npmjs.org/@popperjs/core/-/core-2.9.1.tgz",
      "integrity": "sha512-DvJbbn3dUgMxDnJLH+RZQPnXak1h4ZVYQ7CWiFWjQwBFkVajT4rfw2PdpHLTSTwxrYfnoEXkuBiwkDm6tPMQeA==",
      "peer": true
    },
    "animate.css": {
      "version": "4.1.1",
      "resolved": "https://registry.npmjs.org/animate.css/-/animate.css-4.1.1.tgz",
      "integrity": "sha512-+mRmCTv6SbCmtYJCN4faJMNFVNN5EuCTTprDTAo7YzIGji2KADmakjVA3+8mVDkZ2Bf09vayB35lSQIex2+QaQ=="
    },
    "bootstrap": {
      "version": "5.0.0-beta3",
      "resolved": "https://registry.npmjs.org/bootstrap/-/bootstrap-5.0.0-beta3.tgz",
      "integrity": "sha512-0urccjfIOzhrb9qJysN8XW/DRw6rg3zH7qLeKIp4Zyl8+Ens4JWB0NC0cB5AhnSFPd2tftRggjwCMxablo6Tpg==",
      "requires": {}
    },
    "js-cookie": {
      "version": "2.2.1",
      "resolved": "https://registry.npmjs.org/js-cookie/-/js-cookie-2.2.1.tgz",
      "integrity": "sha512-HvdH2LzI/EAZcUwA8+0nKNtWHqS+ZmijLA30RwZA0bo7ToCckjK5MkGhjED9KoRcXO6BaGI3I9UIzSA1FKFPOQ=="
    }
  }
}
